
Microsoft Visual Studio Solution File, Format Version 12.00
# Visual Studio Version 17
VisualStudioVersion = 17.0.31912.275
MinimumVisualStudioVersion = 10.0.40219.1
Project("{2150E333-8FDC-42A3-9474-1A3956D46DE8}") = "Marten", "Marten", "{46618A59-2B4C-4A2D-9107-0D7E335D13B0}"
EndProject
Project("{9A19103F-16F7-4668-BE54-9A1E7A4F7556}") = "FirstApi", "src\Marten\FirstApi\FirstApi.csproj", "{7C016DA2-112E-4664-B4B7-99789D8AF329}"
EndProject
Project("{9A19103F-16F7-4668-BE54-9A1E7A4F7556}") = "FirstApiOnEmbeddedPostgres", "src\Marten\FirstApiOnEmbeddedPostgres\FirstApiOnEmbeddedPostgres.csproj", "{6A84D564-4C53-4C0D-94B3-D41500395F11}"
EndProject
Project("{9A19103F-16F7-4668-BE54-9A1E7A4F7556}") = "FirstConsoleBanking", "src\Marten\FirstConsoleBanking\FirstConsoleBanking.csproj", "{8084ADC1-B918-48F1-BF3B-F104A2EC6D2C}"
EndProject
Project("{2150E333-8FDC-42A3-9474-1A3956D46DE8}") = "AboutPostgres", "AboutPostgres", "{884D02DE-5664-4A13-BCE3-AB84F8E37C54}"
	ProjectSection(SolutionItems) = preProject
		docker-compose.yml = docker-compose.yml
	EndProjectSection
EndProject
Global
	GlobalSection(SolutionConfigurationPlatforms) = preSolution
		Debug|Any CPU = Debug|Any CPU
		Release|Any CPU = Release|Any CPU
	EndGlobalSection
	GlobalSection(ProjectConfigurationPlatforms) = postSolution
		{7C016DA2-112E-4664-B4B7-99789D8AF329}.Debug|Any CPU.ActiveCfg = Debug|Any CPU
		{7C016DA2-112E-4664-B4B7-99789D8AF329}.Debug|Any CPU.Build.0 = Debug|Any CPU
		{7C016DA2-112E-4664-B4B7-99789D8AF329}.Release|Any CPU.ActiveCfg = Release|Any CPU
		{7C016DA2-112E-4664-B4B7-99789D8AF329}.Release|Any CPU.Build.0 = Release|Any CPU
		{6A84D564-4C53-4C0D-94B3-D41500395F11}.Debug|Any CPU.ActiveCfg = Debug|Any CPU
		{6A84D564-4C53-4C0D-94B3-D41500395F11}.Debug|Any CPU.Build.0 = Debug|Any CPU
		{6A84D564-4C53-4C0D-94B3-D41500395F11}.Release|Any CPU.ActiveCfg = Release|Any CPU
		{6A84D564-4C53-4C0D-94B3-D41500395F11}.Release|Any CPU.Build.0 = Release|Any CPU
		{8084ADC1-B918-48F1-BF3B-F104A2EC6D2C}.Debug|Any CPU.ActiveCfg = Debug|Any CPU
		{8084ADC1-B918-48F1-BF3B-F104A2EC6D2C}.Debug|Any CPU.Build.0 = Debug|Any CPU
		{8084ADC1-B918-48F1-BF3B-F104A2EC6D2C}.Release|Any CPU.ActiveCfg = Release|Any CPU
		{8084ADC1-B918-48F1-BF3B-F104A2EC6D2C}.Release|Any CPU.Build.0 = Release|Any CPU
	EndGlobalSection
	GlobalSection(SolutionProperties) = preSolution
		HideSolutionNode = FALSE
	EndGlobalSection
	GlobalSection(NestedProjects) = preSolution
		{7C016DA2-112E-4664-B4B7-99789D8AF329} = {46618A59-2B4C-4A2D-9107-0D7E335D13B0}
		{6A84D564-4C53-4C0D-94B3-D41500395F11} = {46618A59-2B4C-4A2D-9107-0D7E335D13B0}
		{8084ADC1-B918-48F1-BF3B-F104A2EC6D2C} = {46618A59-2B4C-4A2D-9107-0D7E335D13B0}
		{884D02DE-5664-4A13-BCE3-AB84F8E37C54} = {46618A59-2B4C-4A2D-9107-0D7E335D13B0}
	EndGlobalSection
	GlobalSection(ExtensibilityGlobals) = postSolution
		SolutionGuid = {B012EF55-1A8D-437F-93ED-37D58E9C23E6}
	EndGlobalSection
EndGlobal
